{
  "version": 1,
  "dependencies": {
    "net10.0": {
      "Microsoft.AspNetCore.OpenApi": {
        "type": "Direct",
        "requested": "[10.0.5, )",
        "resolved": "10.0.5",
        "contentHash": "vTcxIfOPyfFbYk1g8YcXJfkMnlEWVkSnnjxcZLy60zgwiHMRf2SnZR+9E4HlpwKxgE3yfKMOti8J6WfKuKsw6w==",
        "dependencies": {
          "Microsoft.OpenApi": "2.0.0"
        }
      },
      "OpenTelemetry.Exporter.Console": {
        "type": "Direct",
        "requested": "[1.12.0, )",
        "resolved": "1.12.0",
        "contentHash": "0sxyasnQ1B4YzvVbu9onZZ0WXGEQsuKqkaebsSlSMHHxMXCFvr6Ce2ABvU8p28AcEWPyu5k56fWYBa3fPvQFSQ==",
        "dependencies": {
          "OpenTelemetry": "1.12.0"
        }
      },
      "OpenTelemetry.Extensions.Hosting": {
        "type": "Direct",
        "requested": "[1.12.0, )",
        "resolved": "1.12.0",
        "contentHash": "6/8O6rsJRwslg5/Fm3bscBelw4Yh9T9CN24p7cAsuEFkrmmeSO9gkYUCK02Qi+CmPM2KHYTLjKi0lJaCsDMWQA==",
        "dependencies": {
          "OpenTelemetry": "1.12.0"
        }
      },
      "OtelEvents.AspNetCore": {
        "type": "Direct",
        "requested": "[0.2.2-beta.2, )",
        "resolved": "0.2.2-beta.2",
        "contentHash": "LqyR1keoX9jjQmBtDHx15JafRN81uEcGbF3czqpqX4hLlxvuAJYdgV7R7gUSZRlTyT2Xw39s6qLr7rLCRvky/w==",
        "dependencies": {
          "OpenTelemetry": "1.15.0",
          "OtelEvents.Causality": "0.2.2-beta.2"
        }
      },
      "OtelEvents.Causality": {
        "type": "Direct",
        "requested": "[0.2.2-beta.2, )",
        "resolved": "0.2.2-beta.2",
        "contentHash": "TJxnDvNeJ0g7fMDrdqCYIX0IDAHCRVu1u+Ot6CLdZmMeFdiUu4zSQX6d3JUCGSJlaVJZ0vRmGGG5BFzHDObkfA==",
        "dependencies": {
          "OpenTelemetry": "1.15.0"
        }
      },
      "OtelEvents.Exporter.Json": {
        "type": "Direct",
        "requested": "[0.2.2-beta.2, )",
        "resolved": "0.2.2-beta.2",
        "contentHash": "6Re1F5e6XVHsvfwa9fAQ+VtCgV7kPble3WtFcNJ3i2NsMpoD2lkL1WVpAdxHPkMyQsBzoMtP2scEZ8WMPw8yUg==",
        "dependencies": {
          "OpenTelemetry": "1.15.0"
        }
      },
      "OtelEvents.Subscriptions": {
        "type": "Direct",
        "requested": "[0.2.2-beta.2, )",
        "resolved": "0.2.2-beta.2",
        "contentHash": "+x/69J+kTVfUIhG3U9eI4Eb7kl21ygS7KgdH2eL751HS3gkf3+lSIeyERFmhBbKNJeDqZuweObQtvxvr5qESag==",
        "dependencies": {
          "OpenTelemetry": "1.15.0"
        }
      },
      "Scalar.AspNetCore": {
        "type": "Direct",
        "requested": "[2.13.8, )",
        "resolved": "2.13.8",
        "contentHash": "Sp75IcOIZFMVawlpSiiHiyeWYJJVvbXKt1PcB9CcmjzJumofETWzOCMwfhKumbfBPLg/89sOBQUEfzKpXhAw6g=="
      },
      "Microsoft.OpenApi": {
        "type": "Transitive",
        "resolved": "2.0.0",
        "contentHash": "GGYLfzV/G/ct80OZ45JxnWP7NvMX1BCugn/lX7TH5o0lcVaviavsLMTxmFV2AybXWjbi3h6FF1vgZiTK6PXndw=="
      },
      "OpenTelemetry": {
        "type": "Transitive",
        "resolved": "1.15.0",
        "contentHash": "7mS/oZFF8S6xyqGQfMU1btp0nXJQUPWV535Vp/XMLYwRAUv36xQN+U4vufWBF1+z4HnRTOwuFHtUSGnHbyN6FQ==",
        "dependencies": {
          "OpenTelemetry.Api.ProviderBuilderExtensions": "1.15.0"
        }
      },
      "OpenTelemetry.Api": {
        "type": "Transitive",
        "resolved": "1.15.0",
        "contentHash": "iB7qFYKPArrWG+qMCJ2Usy7outIlV7m7qlzgkyr6fBrZkNSomkblpGLwnf37GqCiwG13B9wp8b7rV9LaHNNlZQ=="
      },
      "OpenTelemetry.Api.ProviderBuilderExtensions": {
        "type": "Transitive",
        "resolved": "1.15.0",
        "contentHash": "OnuSUlRpGvowkOzGFQfy+KZFu0cITfKfh2IYJJiZskxVJiOuexwOOuvfDAgpJdmTzVWAHjYdz2shcHZaJ06UjQ==",
        "dependencies": {
          "OpenTelemetry.Api": "1.15.0"
        }
      },
      "healthboss.aspnetcore": {
        "type": "Project",
        "dependencies": {
          "HealthBoss.Core": "[1.0.0, )"
        }
      },
      "healthboss.core": {
        "type": "Project"
      }
    }
  }
}